// !$*UTF8*$!
{
	archiveVersion = 1;
	classes = {
	};
	objectVersion = 50;
	objects = {

/* Begin PBXBuildFile section */
		D86C63AB24D79D2C004AD677 /* AppDelegate.m in Sources */ = {isa = PBXBuildFile; fileRef = D86C63AA24D79D2C004AD677 /* AppDelegate.m */; };
		D86C63AE24D79D2C004AD677 /* SceneDelegate.m in Sources */ = {isa = PBXBuildFile; fileRef = D86C63AD24D79D2C004AD677 /* SceneDelegate.m */; };
		D86C63B124D79D2C004AD677 /* ViewController.m in Sources */ = {isa = PBXBuildFile; fileRef = D86C63B024D79D2C004AD677 /* ViewController.m */; };
		D86C63B424D79D2C004AD677 /* Main.storyboard in Resources */ = {isa = PBXBuildFile; fileRef = D86C63B224D79D2C004AD677 /* Main.storyboard */; };
		D86C63B624D79D30004AD677 /* Assets.xcassets in Resources */ = {isa = PBXBuildFile; fileRef = D86C63B524D79D30004AD677 /* Assets.xcassets */; };
		D86C63B924D79D30004AD677 /* LaunchScreen.storyboard in Resources */ = {isa = PBXBuildFile; fileRef = D86C63B724D79D30004AD677 /* LaunchScreen.storyboard */; };
		D86C63BC24D79D30004AD677 /* main.m in Sources */ = {isa = PBXBuildFile; fileRef = D86C63BB24D79D30004AD677 /* main.m */; };
		D86C63C624D79D31004AD677 /* PeiziJindingTests.m in Sources */ = {isa = PBXBuildFile; fileRef = D86C63C524D79D31004AD677 /* PeiziJindingTests.m */; };
		D86C63D124D79D31004AD677 /* PeiziJindingUITests.m in Sources */ = {isa = PBXBuildFile; fileRef = D86C63D024D79D31004AD677 /* PeiziJindingUITests.m */; };
/* End PBXBuildFile section */

/* Begin PBXContainerItemProxy section */
		D86C63C224D79D31004AD677 /* PBXContainerItemProxy */ = {
			isa = PBXContainerItemProxy;
			containerPortal = D86C639E24D79D2C004AD677 /* Project object */;
			proxyType = 1;
			remoteGlobalIDString = D86C63A524D79D2C004AD677;
			remoteInfo = PeiziJinding;
		};
		D86C63CD24D79D31004AD677 /* PBXContainerItemProxy */ = {
			isa = PBXContainerItemProxy;
			containerPortal = D86C639E24D79D2C004AD677 /* Project object */;
			proxyType = 1;
			remoteGlobalIDString = D86C63A524D79D2C004AD677;
			remoteInfo = PeiziJinding;
		};
/* End PBXContainerItemProxy section */

/* Begin PBXFileReference section */
		D86C63A624D79D2C004AD677 /* PeiziJinding.app */ = {isa = PBXFileReference; explicitFileType = wrapper.application; includeInIndex = 0; path = PeiziJinding.app; sourceTree = BUILT_PRODUCTS_DIR; };
		D86C63A924D79D2C004AD677 /* AppDelegate.h */ = {isa = PBXFileReference; lastKnownFileType = sourcecode.c.h; path = AppDelegate.h; sourceTree = "<group>"; };
		D86C63AA24D79D2C004AD677 /* AppDelegate.m */ = {isa = PBXFileReference; lastKnownFileType = sourcecode.c.objc; path = AppDelegate.m; sourceTree = "<group>"; };
		D86C63AC24D79D2C004AD677 /* SceneDelegate.h */ = {isa = PBXFileReference; lastKnownFileType = sourcecode.c.h; path = SceneDelegate.h; sourceTree = "<group>"; };
		D86C63AD24D79D2C004AD677 /* SceneDelegate.m */ = {isa = PBXFileReference; lastKnownFileType = sourcecode.c.objc; path = SceneDelegate.m; sourceTree = "<group>"; };
		D86C63AF24D79D2C004AD677 /* ViewController.h */ = {isa = PBXFileReference; lastKnownFileType = sourcecode.c.h; path = ViewController.h; sourceTree = "<group>"; };
		D86C63B024D79D2C004AD677 /* ViewController.m */ = {isa = PBXFileReference; lastKnownFileType = sourcecode.c.objc; path = ViewController.m; sourceTree = "<group>"; };
		D86C63B324D79D2C004AD677 /* Base */ = {isa = PBXFileReference; lastKnownFileType = file.storyboard; name = Base; path = Base.lproj/Main.storyboard; sourceTree = "<group>"; };
		D86C63B524D79D30004AD677 /* Assets.xcassets */ = {isa = PBXFileReference; lastKnownFileType = folder.assetcatalog; path = Assets.xcassets; sourceTree = "<group>"; };
		D86C63B824D79D30004AD677 /* Base */ = {isa = PBXFileReference; lastKnownFileType = file.storyboard; name = Base; path = Base.lproj/LaunchScreen.storyboard; sourceTree = "<group>"; };
		D86C63BA24D79D30004AD677 /* Info.plist */ = {isa = PBXFileReference; lastKnownFileType = text.plist.xml; path = Info.plist; sourceTree = "<group>"; };
		D86C63BB24D79D30004AD677 /* main.m */ = {isa = PBXFileReference; lastKnownFileType = sourcecode.c.objc; path = main.m; sourceTree = "<group>"; };
		D86C63C124D79D31004AD677 /* PeiziJindingTests.xctest */ = {isa = PBXFileReference; explicitFileType = wrapper.cfbundle; includeInIndex = 0; path = PeiziJindingTests.xctest; sourceTree = BUILT_PRODUCTS_DIR; };
		D86C63C524D79D31004AD677 /* PeiziJindingTests.m */ = {isa = PBXFileReference; lastKnownFileType = sourcecode.c.objc; path = PeiziJindingTests.m; sourceTree = "<group>"; };
		D86C63C724D79D31004AD677 /* Info.plist */ = {isa = PBXFileReference; lastKnownFileType = text.plist.xml; path = Info.plist; sourceTree = "<group>"; };
		D86C63CC24D79D31004AD677 /* PeiziJindingUITests.xctest */ = {isa = PBXFileReference; explicitFileType = wrapper.cfbundle; includeInIndex = 0; path = PeiziJindingUITests.xctest; sourceTree = BUILT_PRODUCTS_DIR; };
		D86C63D024D79D31004AD677 /* PeiziJindingUITests.m */ = {isa = PBXFileReference; lastKnownFileType = sourcecode.c.objc; path = PeiziJindingUITests.m; sourceTree = "<group>"; };
		D86C63D224D79D31004AD677 /* Info.plist */ = {isa = PBXFileReference; lastKnownFileType = text.plist.xml; path = Info.plist; sourceTree = "<group>"; };
/* End PBXFileReference section */

/* Begin PBXFrameworksBuildPhase section */
		D86C63A324D79D2C004AD677 /* Frameworks */ = {
			isa = PBXFrameworksBuildPhase;
			buildActionMask = 2147483647;
			files = (
			);
			runOnlyForDeploymentPostprocessing = 0;
		};
		D86C63BE24D79D31004AD677 /* Frameworks */ = {
			isa = PBXFrameworksBuildPhase;
			buildActionMask = 2147483647;
			files = (
			);
			runOnlyForDeploymentPostprocessing = 0;
		};
		D86C63C924D79D31004AD677 /* Frameworks */ = {
			isa = PBXFrameworksBuildPhase;
			buildActionMask = 2147483647;
			files = (
			);
			runOnlyForDeploymentPostprocessing = 0;
		};
/* End PBXFrameworksBuildPhase section */

/* Begin PBXGroup section */
		D86C639D24D79D2C004AD677 = {
			isa = PBXGroup;
			children = (
				D86C63A824D79D2C004AD677 /* PeiziJinding */,
				D86C63C424D79D31004AD677 /* PeiziJindingTests */,
				D86C63CF24D79D31004AD677 /* PeiziJindingUITests */,
				D86C63A724D79D2C004AD677 /* Products */,
			);
			sourceTree = "<group>";
		};
		D86C63A724D79D2C004AD677 /* Products */ = {
			isa = PBXGroup;
			children = (
				D86C63A624D79D2C004AD677 /* PeiziJinding.app */,
				D86C63C124D79D31004AD677 /* PeiziJindingTests.xctest */,
				D86C63CC24D79D31004AD677 /* PeiziJindingUITests.xctest */,
			);
			name = Products;
			sourceTree = "<group>";
		};
		D86C63A824D79D2C004AD677 /* PeiziJinding */ = {
			isa = PBXGroup;
			children = (
				D86C63A924D79D2C004AD677 /* AppDelegate.h */,
				D86C63AA24D79D2C004AD677 /* AppDelegate.m */,
				D86C63AC24D79D2C004AD677 /* SceneDelegate.h */,
				D86C63AD24D79D2C004AD677 /* SceneDelegate.m */,
				D86C63AF24D79D2C004AD677 /* ViewController.h */,
				D86C63B024D79D2C004AD677 /* ViewController.m */,
				D86C63B224D79D2C004AD677 /* Main.storyboard */,
				D86C63B524D79D30004AD677 /* Assets.xcassets */,
				D86C63B724D79D30004AD677 /* LaunchScreen.storyboard */,
				D86C63BA24D79D30004AD677 /* Info.plist */,
				D86C63BB24D79D30004AD677 /* main.m */,
			);
			path = PeiziJinding;
			sourceTree = "<group>";
		};
		D86C63C424D79D31004AD677 /* PeiziJindingTests */ = {
			isa = PBXGroup;
			children = (
				D86C63C524D79D31004AD677 /* PeiziJindingTests.m */,
				D86C63C724D79D31004AD677 /* Info.plist */,
			);
			path = PeiziJindingTests;
			sourceTree = "<group>";
		};
		D86C63CF24D79D31004AD677 /* PeiziJindingUITests */ = {
			isa = PBXGroup;
			children = (
				D86C63D024D79D31004AD677 /* PeiziJindingUITests.m */,
				D86C63D224D79D31004AD677 /* Info.plist */,
			);
			path = PeiziJindingUITests;
			sourceTree = "<group>";
		};
/* End PBXGroup section */

/* Begin PBXNativeTarget section */
		D86C63A524D79D2C004AD677 /* PeiziJinding */ = {
			isa = PBXNativeTarget;
			buildConfigurationList = D86C63D524D79D31004AD677 /* Build configuration list for PBXNativeTarget "PeiziJinding" */;
			buildPhases = (
				D86C63A224D79D2C004AD677 /* Sources */,
				D86C63A324D79D2C004AD677 /* Frameworks */,
				D86C63A424D79D2C004AD677 /* Resources */,
			);
			buildRules = (
			);
			dependencies = (
			);
			name = PeiziJinding;
			productName = PeiziJinding;
			productReference = D86C63A624D79D2C004AD677 /* PeiziJinding.app */;
			productType = "com.apple.product-type.application";
		};
		D86C63C024D79D31004AD677 /* PeiziJindingTests */ = {
			isa = PBXNativeTarget;
			buildConfigurationList = D86C63D824D79D31004AD677 /* Build configuration list for PBXNativeTarget "PeiziJindingTests" */;
			buildPhases = (
				D86C63BD24D79D31004AD677 /* Sources */,
				D86C63BE24D79D31004AD677 /* Frameworks */,
				D86C63BF24D79D31004AD677 /* Resources */,
			);
			buildRules = (
			);
			dependencies = (
				D86C63C324D79D31004AD677 /* PBXTargetDependency */,
			);
			name = PeiziJindingTests;
			productName = PeiziJindingTests;
			productReference = D86C63C124D79D31004AD677 /* PeiziJindingTests.xctest */;
			productType = "com.apple.product-type.bundle.unit-test";
		};
		D86C63CB24D79D31004AD677 /* PeiziJindingUITests */ = {
			isa = PBXNativeTarget;
			buildConfigurationList = D86C63DB24D79D31004AD677 /* Build configuration list for PBXNativeTarget "PeiziJindingUITests" */;
			buildPhases = (
				D86C63C824D79D31004AD677 /* Sources */,
				D86C63C924D79D31004AD677 /* Frameworks */,
				D86C63CA24D79D31004AD677 /* Resources */,
			);
			buildRules = (
			);
			dependencies = (
				D86C63CE24D79D31004AD677 /* PBXTargetDependency */,
			);
			name = PeiziJindingUITests;
			productName = PeiziJindingUITests;
			productReference = D86C63CC24D79D31004AD677 /* PeiziJindingUITests.xctest */;
			productType = "com.apple.product-type.bundle.ui-testing";
		};
/* End PBXNativeTarget section */

/* Begin PBXProject section */
		D86C639E24D79D2C004AD677 /* Project object */ = {
			isa = PBXProject;
			attributes = {
				LastUpgradeCheck = 1160;
				ORGANIZATIONNAME = koryv;
				TargetAttributes = {
					D86C63A524D79D2C004AD677 = {
						CreatedOnToolsVersion = 11.6;
					};
					D86C63C024D79D31004AD677 = {
						CreatedOnToolsVersion = 11.6;
						TestTargetID = D86C63A524D79D2C004AD677;
					};
					D86C63CB24D79D31004AD677 = {
						CreatedOnToolsVersion = 11.6;
						TestTargetID = D86C63A524D79D2C004AD677;
					};
				};
			};
			buildConfigurationList = D86C63A124D79D2C004AD677 /* Build configuration list for PBXProject "PeiziJinding" */;
			compatibilityVersion = "Xcode 9.3";
			developmentRegion = en;
			hasScannedForEncodings = 0;
			knownRegions = (
				en,
				Base,
			);
			mainGroup = D86C639D24D79D2C004AD677;
			productRefGroup = D86C63A724D79D2C004AD677 /* Products */;
			projectDirPath = "";
			projectRoot = "";
			targets = (
				D86C63A524D79D2C004AD677 /* PeiziJinding */,
				D86C63C024D79D31004AD677 /* PeiziJindingTests */,
				D86C63CB24D79D31004AD677 /* PeiziJindingUITests */,
			);
		};
/* End PBXProject section */

/* Begin PBXResourcesBuildPhase section */
		D86C63A424D79D2C004AD677 /* Resources */ = {
			isa = PBXResourcesBuildPhase;
			buildActionMask = 2147483647;
			files = (
				D86C63B924D79D30004AD677 /* LaunchScreen.storyboard in Resources */,
				D86C63B624D79D30004AD677 /* Assets.xcassets in Resources */,
				D86C63B424D79D2C004AD677 /* Main.storyboard in Resources */,
			);
			runOnlyForDeploymentPostprocessing = 0;
		};
		D86C63BF24D79D31004AD677 /* Resources */ = {
			isa = PBXResourcesBuildPhase;
			buildActionMask = 2147483647;
			files = (
			);
			runOnlyForDeploymentPostprocessing = 0;
		};
		D86C63CA24D79D31004AD677 /* Resources */ = {
			isa = PBXResourcesBuildPhase;
			buildActionMask = 2147483647;
			files = (
			);
			runOnlyForDeploymentPostprocessing = 0;
		};
/* End PBXResourcesBuildPhase section */

/* Begin PBXSourcesBuildPhase section */
		D86C63A224D79D2C004AD677 /* Sources */ = {
			isa = PBXSourcesBuildPhase;
			buildActionMask = 2147483647;
			files = (
				D86C63B124D79D2C004AD677 /* ViewController.m in Sources */,
				D86C63AB24D79D2C004AD677 /* AppDelegate.m in Sources */,
				D86C63BC24D79D30004AD677 /* main.m in Sources */,
				D86C63AE24D79D2C004AD677 /* SceneDelegate.m in Sources */,
			);
			runOnlyForDeploymentPostprocessing = 0;
		};
		D86C63BD24D79D31004AD677 /* Sources */ = {
			isa = PBXSourcesBuildPhase;
			buildActionMask = 2147483647;
			files = (
				D86C63C624D79D31004AD677 /* PeiziJindingTests.m in Sources */,
			);
			runOnlyForDeploymentPostprocessing = 0;
		};
		D86C63C824D79D31004AD677 /* Sources */ = {
			isa = PBXSourcesBuildPhase;
			buildActionMask = 2147483647;
			files = (
				D86C63D124D79D31004AD677 /* PeiziJindingUITests.m in Sources */,
			);
			runOnlyForDeploymentPostprocessing = 0;
		};
/* End PBXSourcesBuildPhase section */

/* Begin PBXTargetDependency section */
		D86C63C324D79D31004AD677 /* PBXTargetDependency */ = {
			isa = PBXTargetDependency;
			target = D86C63A524D79D2C004AD677 /* PeiziJinding */;
			targetProxy = D86C63C224D79D31004AD677 /* PBXContainerItemProxy */;
		};
		D86C63CE24D79D31004AD677 /* PBXTargetDependency */ = {
			isa = PBXTargetDependency;
			target = D86C63A524D79D2C004AD677 /* PeiziJinding */;
			targetProxy = D86C63CD24D79D31004AD677 /* PBXContainerItemProxy */;
		};
/* End PBXTargetDependency section */

/* Begin PBXVariantGroup section */
		D86C63B224D79D2C004AD677 /* Main.storyboard */ = {
			isa = PBXVariantGroup;
			children = (
				D86C63B324D79D2C004AD677 /* Base */,
			);
			name = Main.storyboard;
			sourceTree = "<group>";
		};
		D86C63B724D79D30004AD677 /* LaunchScreen.storyboard */ = {
			isa = PBXVariantGroup;
			children = (
				D86C63B824D79D30004AD677 /* Base */,
			);
			name = LaunchScreen.storyboard;
			sourceTree = "<group>";
		};
/* End PBXVariantGroup section */

/* Begin XCBuildConfiguration section */
		D86C63D324D79D31004AD677 /* Debug */ = {
			isa = XCBuildConfiguration;
			buildSettings = {
				ALWAYS_SEARCH_USER_PATHS = NO;
				CLANG_ANALYZER_NONNULL = YES;
				CLANG_ANALYZER_NUMBER_OBJECT_CONVERSION = YES_AGGRESSIVE;
				CLANG_CXX_LANGUAGE_STANDARD = "gnu++14";
				CLANG_CXX_LIBRARY = "libc++";
				CLANG_ENABLE_MODULES = YES;
				CLANG_ENABLE_OBJC_ARC = YES;
				CLANG_ENABLE_OBJC_WEAK = YES;
				CLANG_WARN_BLOCK_CAPTURE_AUTORELEASING = YES;
				CLANG_WARN_BOOL_CONVERSION = YES;
				CLANG_WARN_COMMA = YES;
				CLANG_WARN_CONSTANT_CONVERSION = YES;
				CLANG_WARN_DEPRECATED_OBJC_IMPLEMENTATIONS = YES;
				CLANG_WARN_DIRECT_OBJC_ISA_USAGE = YES_ERROR;
				CLANG_WARN_DOCUMENTATION_COMMENTS = YES;
				CLANG_WARN_EMPTY_BODY = YES;
				CLANG_WARN_ENUM_CONVERSION = YES;
				CLANG_WARN_INFINITE_RECURSION = YES;
				CLANG_WARN_INT_CONVERSION = YES;
				CLANG_WARN_NON_LITERAL_NULL_CONVERSION = YES;
				CLANG_WARN_OBJC_IMPLICIT_RETAIN_SELF = YES;
				CLANG_WARN_OBJC_LITERAL_CONVERSION = YES;
				CLANG_WARN_OBJC_ROOT_CLASS = YES_ERROR;
				CLANG_WARN_RANGE_LOOP_ANALYSIS = YES;
				CLANG_WARN_STRICT_PROTOTYPES = YES;
				CLANG_WARN_SUSPICIOUS_MOVE = YES;
				CLANG_WARN_UNGUARDED_AVAILABILITY = YES_AGGRESSIVE;
				CLANG_WARN_UNREACHABLE_CODE = YES;
				CLANG_WARN__DUPLICATE_METHOD_MATCH = YES;
				COPY_PHASE_STRIP = NO;
				DEBUG_INFORMATION_FORMAT = dwarf;
				ENABLE_STRICT_OBJC_MSGSEND = YES;
				ENABLE_TESTABILITY = YES;
				GCC_C_LANGUAGE_STANDARD = gnu11;
				GCC_DYNAMIC_NO_PIC = NO;
				GCC_NO_COMMON_BLOCKS = YES;
				GCC_OPTIMIZATION_LEVEL = 0;
				GCC_PREPROCESSOR_DEFINITIONS = (
					"DEBUG=1",
					"$(inherited)",
				);
				GCC_WARN_64_TO_32_BIT_CONVERSION = YES;
				GCC_WARN_ABOUT_RETURN_TYPE = YES_ERROR;
				GCC_WARN_UNDECLARED_SELECTOR = YES;
				GCC_WARN_UNINITIALIZED_AUTOS = YES_AGGRESSIVE;
				GCC_WARN_UNUSED_FUNCTION = YES;
				GCC_WARN_UNUSED_VARIABLE = YES;
				IPHONEOS_DEPLOYMENT_TARGET = 13.6;
				MTL_ENABLE_DEBUG_INFO = INCLUDE_SOURCE;
				MTL_FAST_MATH = YES;
				ONLY_ACTIVE_ARCH = YES;
				SDKROOT = iphoneos;
			};
			name = Debug;
		};
		D86C63D424D79D31004AD677 /* Release */ = {
			isa = XCBuildConfiguration;
			buildSettings = {
				ALWAYS_SEARCH_USER_PATHS = NO;
				CLANG_ANALYZER_NONNULL = YES;
				CLANG_ANALYZER_NUMBER_OBJECT_CONVERSION = YES_AGGRESSIVE;
				CLANG_CXX_LANGUAGE_STANDARD = "gnu++14";
				CLANG_CXX_LIBRARY = "libc++";
				CLANG_ENABLE_MODULES = YES;
				CLANG_ENABLE_OBJC_ARC = YES;
				CLANG_ENABLE_OBJC_WEAK = YES;
				CLANG_WARN_BLOCK_CAPTURE_AUTORELEASING = YES;
				CLANG_WARN_BOOL_CONVERSION = YES;
				CLANG_WARN_COMMA = YES;
				CLANG_WARN_CONSTANT_CONVERSION = YES;
				CLANG_WARN_DEPRECATED_OBJC_IMPLEMENTATIONS = YES;
				CLANG_WARN_DIRECT_OBJC_ISA_USAGE = YES_ERROR;
				CLANG_WARN_DOCUMENTATION_COMMENTS = YES;
				CLANG_WARN_EMPTY_BODY = YES;
				CLANG_WARN_ENUM_CONVERSION = YES;
				CLANG_WARN_INFINITE_RECURSION = YES;
				CLANG_WARN_INT_CONVERSION = YES;
				CLANG_WARN_NON_LITERAL_NULL_CONVERSION = YES;
				CLANG_WARN_OBJC_IMPLICIT_RETAIN_SELF = YES;
				CLANG_WARN_OBJC_LITERAL_CONVERSION = YES;
				CLANG_WARN_OBJC_ROOT_CLASS = YES_ERROR;
				CLANG_WARN_RANGE_LOOP_ANALYSIS = YES;
				CLANG_WARN_STRICT_PROTOTYPES = YES;
				CLANG_WARN_SUSPICIOUS_MOVE = YES;
				CLANG_WARN_UNGUARDED_AVAILABILITY = YES_AGGRESSIVE;
				CLANG_WARN_UNREACHABLE_CODE = YES;
				CLANG_WARN__DUPLICATE_METHOD_MATCH = YES;
				COPY_PHASE_STRIP = NO;
				DEBUG_INFORMATION_FORMAT = "dwarf-with-dsym";
				ENABLE_NS_ASSERTIONS = NO;
				ENABLE_STRICT_OBJC_MSGSEND = YES;
				GCC_C_LANGUAGE_STANDARD = gnu11;
				GCC_NO_COMMON_BLOCKS = YES;
				GCC_WARN_64_TO_32_BIT_CONVERSION = YES;
				GCC_WARN_ABOUT_RETURN_TYPE = YES_ERROR;
				GCC_WARN_UNDECLARED_SELECTOR = YES;
				GCC_WARN_UNINITIALIZED_AUTOS = YES_AGGRESSIVE;
				GCC_WARN_UNUSED_FUNCTION = YES;
				GCC_WARN_UNUSED_VARIABLE = YES;
				IPHONEOS_DEPLOYMENT_TARGET = 13.6;
				MTL_ENABLE_DEBUG_INFO = NO;
				MTL_FAST_MATH = YES;
				SDKROOT = iphoneos;
				VALIDATE_PRODUCT = YES;
			};
			name = Release;
		};
		D86C63D624D79D31004AD677 /* Debug */ = {
			isa = XCBuildConfiguration;
			buildSettings = {
				ASSETCATALOG_COMPILER_APPICON_NAME = AppIcon;
				CODE_SIGN_STYLE = Automatic;
				DEVELOPMENT_TEAM = 5X5XSAZMKZ;
				INFOPLIST_FILE = PeiziJinding/Info.plist;
				LD_RUNPATH_SEARCH_PATHS = (
					"$(inherited)",
					"@executable_path/Frameworks",
				);
				PRODUCT_BUNDLE_IDENTIFIER = "koryv-r.PeiziJinding";
				PRODUCT_NAME = "$(TARGET_NAME)";
				TARGETED_DEVICE_FAMILY = "1,2";
			};
			name = Debug;
		};
		D86C63D724D79D31004AD677 /* Release */ = {
			isa = XCBuildConfiguration;
			buildSettings = {
				ASSETCATALOG_COMPILER_APPICON_NAME = AppIcon;
				CODE_SIGN_STYLE = Automatic;
				DEVELOPMENT_TEAM = 5X5XSAZMKZ;
				INFOPLIST_FILE = PeiziJinding/Info.plist;
				LD_RUNPATH_SEARCH_PATHS = (
					"$(inherited)",
					"@executable_path/Frameworks",
				);
				PRODUCT_BUNDLE_IDENTIFIER = "koryv-r.PeiziJinding";
				PRODUCT_NAME = "$(TARGET_NAME)";
				TARGETED_DEVICE_FAMILY = "1,2";
			};
			name = Release;
		};
		D86C63D924D79D31004AD677 /* Debug */ = {
			isa = XCBuildConfiguration;
			buildSettings = {
				BUNDLE_LOADER = "$(TEST_HOST)";
				CODE_SIGN_STYLE = Automatic;
				DEVELOPMENT_TEAM = 5X5XSAZMKZ;
				INFOPLIST_FILE = PeiziJindingTests/Info.plist;
				IPHONEOS_DEPLOYMENT_TARGET = 13.6;
				LD_RUNPATH_SEARCH_PATHS = (
					"$(inherited)",
					"@executable_path/Frameworks",
					"@loader_path/Frameworks",
				);
				PRODUCT_BUNDLE_IDENTIFIER = "koryv-r.PeiziJindingTests";
				PRODUCT_NAME = "$(TARGET_NAME)";
				TARGETED_DEVICE_FAMILY = "1,2";
				TEST_HOST = "$(BUILT_PRODUCTS_DIR)/PeiziJinding.app/PeiziJinding";
			};
			name = Debug;
		};
		D86C63DA24D79D31004AD677 /* Release */ = {
			isa = XCBuildConfiguration;
			buildSettings = {
				BUNDLE_LOADER = "$(TEST_HOST)";
				CODE_SIGN_STYLE = Automatic;
				DEVELOPMENT_TEAM = 5X5XSAZMKZ;
				INFOPLIST_FILE = PeiziJindingTests/Info.plist;
				IPHONEOS_DEPLOYMENT_TARGET = 13.6;
				LD_RUNPATH_SEARCH_PATHS = (
					"$(inherited)",
					"@executable_path/Frameworks",
					"@loader_path/Frameworks",
				);
				PRODUCT_BUNDLE_IDENTIFIER = "koryv-r.PeiziJindingTests";
				PRODUCT_NAME = "$(TARGET_NAME)";
				TARGETED_DEVICE_FAMILY = "1,2";
				TEST_HOST = "$(BUILT_PRODUCTS_DIR)/PeiziJinding.app/PeiziJinding";
			};
			name = Release;
		};
		D86C63DC24D79D31004AD677 /* Debug */ = {
			isa = XCBuildConfiguration;
			buildSettings = {
				CODE_SIGN_STYLE = Automatic;
				DEVELOPMENT_TEAM = 5X5XSAZMKZ;
				INFOPLIST_FILE = PeiziJindingUITests/Info.plist;
				LD_RUNPATH_SEARCH_PATHS = (
					"$(inherited)",
					"@executable_path/Frameworks",
					"@loader_path/Frameworks",
				);
				PRODUCT_BUNDLE_IDENTIFIER = "koryv-r.PeiziJindingUITests";
				PRODUCT_NAME = "$(TARGET_NAME)";
				TARGETED_DEVICE_FAMILY = "1,2";
				TEST_TARGET_NAME = PeiziJinding;
			};
			name = Debug;
		};
		D86C63DD24D79D31004AD677 /* Release */ = {
			isa = XCBuildConfiguration;
			buildSettings = {
				CODE_SIGN_STYLE = Automatic;
				DEVELOPMENT_TEAM = 5X5XSAZMKZ;
				INFOPLIST_FILE = PeiziJindingUITests/Info.plist;
				LD_RUNPATH_SEARCH_PATHS = (
					"$(inherited)",
					"@executable_path/Frameworks",
					"@loader_path/Frameworks",
				);
				PRODUCT_BUNDLE_IDENTIFIER = "koryv-r.PeiziJindingUITests";
				PRODUCT_NAME = "$(TARGET_NAME)";
				TARGETED_DEVICE_FAMILY = "1,2";
				TEST_TARGET_NAME = PeiziJinding;
			};
			name = Release;
		};
/* End XCBuildConfiguration section */

/* Begin XCConfigurationList section */
		D86C63A124D79D2C004AD677 /* Build configuration list for PBXProject "PeiziJinding" */ = {
			isa = XCConfigurationList;
			buildConfigurations = (
				D86C63D324D79D31004AD677 /* Debug */,
				D86C63D424D79D31004AD677 /* Release */,
			);
			defaultConfigurationIsVisible = 0;
			defaultConfigurationName = Release;
		};
		D86C63D524D79D31004AD677 /* Build configuration list for PBXNativeTarget "PeiziJinding" */ = {
			isa = XCConfigurationList;
			buildConfigurations = (
				D86C63D624D79D31004AD677 /* Debug */,
				D86C63D724D79D31004AD677 /* Release */,
			);
			defaultConfigurationIsVisible = 0;
			defaultConfigurationName = Release;
		};
		D86C63D824D79D31004AD677 /* Build configuration list for PBXNativeTarget "PeiziJindingTests" */ = {
			isa = XCConfigurationList;
			buildConfigurations = (
				D86C63D924D79D31004AD677 /* Debug */,
				D86C63DA24D79D31004AD677 /* Release */,
			);
			defaultConfigurationIsVisible = 0;
			defaultConfigurationName = Release;
		};
		D86C63DB24D79D31004AD677 /* Build configuration list for PBXNativeTarget "PeiziJindingUITests" */ = {
			isa = XCConfigurationList;
			buildConfigurations = (
				D86C63DC24D79D31004AD677 /* Debug */,
				D86C63DD24D79D31004AD677 /* Release */,
			);
			defaultConfigurationIsVisible = 0;
			defaultConfigurationName = Release;
		};
/* End XCConfigurationList section */
	};
	rootObject = D86C639E24D79D2C004AD677 /* Project object */;
}
